
Microsoft Visual Studio Solution File, Format Version 12.00
# Visual Studio 15
VisualStudioVersion = 15.0.26730.15
MinimumVisualStudioVersion = 10.0.40219.1
Project("{FAE04EC0-301F-11D3-BF4B-00C04F79EFBC}") = "ProductApi", "ProductApi\ProductApi.csproj", "{95AF0CE5-E91A-4E0C-B3BC-F24B9AB16867}"
EndProject
Project("{FAE04EC0-301F-11D3-BF4B-00C04F79EFBC}") = "DataAccessLibrary", "DataAccessLibrary\DataAccessLibrary.csproj", "{A53E5F40-4816-49D2-8B1D-F9850FB2BEED}"
EndProject
Global
	GlobalSection(SolutionConfigurationPlatforms) = preSolution
		Debug|Any CPU = Debug|Any CPU
		Release|Any CPU = Release|Any CPU
	EndGlobalSection
	GlobalSection(ProjectConfigurationPlatforms) = postSolution
		{95AF0CE5-E91A-4E0C-B3BC-F24B9AB16867}.Debug|Any CPU.ActiveCfg = Debug|Any CPU
		{95AF0CE5-E91A-4E0C-B3BC-F24B9AB16867}.Debug|Any CPU.Build.0 = Debug|Any CPU
		{95AF0CE5-E91A-4E0C-B3BC-F24B9AB16867}.Release|Any CPU.ActiveCfg = Release|Any CPU
		{95AF0CE5-E91A-4E0C-B3BC-F24B9AB16867}.Release|Any CPU.Build.0 = Release|Any CPU
		{A53E5F40-4816-49D2-8B1D-F9850FB2BEED}.Debug|Any CPU.ActiveCfg = Debug|Any CPU
		{A53E5F40-4816-49D2-8B1D-F9850FB2BEED}.Debug|Any CPU.Build.0 = Debug|Any CPU
		{A53E5F40-4816-49D2-8B1D-F9850FB2BEED}.Release|Any CPU.ActiveCfg = Release|Any CPU
		{A53E5F40-4816-49D2-8B1D-F9850FB2BEED}.Release|Any CPU.Build.0 = Release|Any CPU
	EndGlobalSection
	GlobalSection(SolutionProperties) = preSolution
		HideSolutionNode = FALSE
	EndGlobalSection
	GlobalSection(ExtensibilityGlobals) = postSolution
		SolutionGuid = {F4BE939B-F6CE-45F5-AA24-A958D7E33004}
	EndGlobalSection
EndGlobal
